
Microsoft Visual Studio Solution File, Format Version 12.00
# Visual Studio 15
VisualStudioVersion = 15.0.26228.9
MinimumVisualStudioVersion = 10.0.40219.1
Project("{8BC9CEB8-8B4A-11D0-8D11-00A0C91BC942}") = "ReimannSum", "ReimannSum\ReimannSum.vcxproj", "{11BFE7A7-27E6-4C33-8710-53E1F91E4C6B}"
EndProject
Project("{8BC9CEB8-8B4A-11D0-8D11-00A0C91BC942}") = "Adding", "Adding\Adding.vcxproj", "{5BDD658B-C8C3-4329-8AD9-DE927A066ADE}"
EndProject
Project("{8BC9CEB8-8B4A-11D0-8D11-00A0C91BC942}") = "Calculator", "Calculator\Calculator.vcxproj", "{6AADAFB4-B2C9-4CA8-94F4-5412EE339892}"
EndProject
Project("{8BC9CEB8-8B4A-11D0-8D11-00A0C91BC942}") = "QuizSample", "QuizSample\QuizSample.vcxproj", "{577B0EC0-67C9-4327-9988-4A09BB408B7C}"
EndProject
Project("{8BC9CEB8-8B4A-11D0-8D11-00A0C91BC942}") = "Average", "Average\Average.vcxproj", "{C0F24588-E861-4FF1-91AE-0DEE82813155}"
EndProject
Project("{8BC9CEB8-8B4A-11D0-8D11-00A0C91BC942}") = "DecisionMaking", "DecisionMaking\DecisionMaking.vcxproj", "{D6DC3410-5155-4334-80D9-AFC340029E67}"
EndProject
Project("{8BC9CEB8-8B4A-11D0-8D11-00A0C91BC942}") = "OrderofOperations", "OrderofOperations\OrderofOperations.vcxproj", "{79B39577-E7BD-4259-9D28-97396C96ED96}"
EndProject
Project("{8BC9CEB8-8B4A-11D0-8D11-00A0C91BC942}") = "GradeCalc", "GradeCalc\GradeCalc.vcxproj", "{2B6039A6-85D6-4267-8468-7940C75D951B}"
EndProject
Project("{8BC9CEB8-8B4A-11D0-8D11-00A0C91BC942}") = "ConditionalOperator", "ConditionalOperator\ConditionalOperator.vcxproj", "{159D2BEC-B842-44CB-A481-55536E677292}"
EndProject
Project("{8BC9CEB8-8B4A-11D0-8D11-00A0C91BC942}") = "DataTypes", "DataTypes\DataTypes.vcxproj", "{8B864112-CBF1-48DD-A50A-BCCB5B2E3B52}"
EndProject
Project("{8BC9CEB8-8B4A-11D0-8D11-00A0C91BC942}") = "Colors.Sound", "Colors\Colors.vcxproj", "{965FE8E2-70C6-4E26-A060-011E7486151D}"
EndProject
Project("{8BC9CEB8-8B4A-11D0-8D11-00A0C91BC942}") = "Music", "Music\Music.vcxproj", "{42B24FF8-7C55-4639-B36B-FE53ADA91912}"
EndProject
Project("{8BC9CEB8-8B4A-11D0-8D11-00A0C91BC942}") = "LargestSmallest", "LargestSmallest\LargestSmallest.vcxproj", "{7FCD1FB3-79EC-4CF5-BD12-50068688F4CD}"
EndProject
Project("{8BC9CEB8-8B4A-11D0-8D11-00A0C91BC942}") = "Random", "Random\Random.vcxproj", "{5062D545-FEB9-4EE2-9844-D4050BABCCD6}"
EndProject
Project("{8BC9CEB8-8B4A-11D0-8D11-00A0C91BC942}") = "DiceCounter", "Dice\Dice.vcxproj", "{A514191E-9831-45A5-85E8-7C45D162029B}"
EndProject
Project("{8BC9CEB8-8B4A-11D0-8D11-00A0C91BC942}") = "CodeTester", "CodeTester\CodeTester.vcxproj", "{66913591-7D0F-4FE6-8F98-D6C70AA0BD9A}"
EndProject
Project("{8BC9CEB8-8B4A-11D0-8D11-00A0C91BC942}") = "pre-post-increments", "pre-post-increments\pre-post-increments.vcxproj", "{22E1C653-2AC4-4ECE-9360-AC38669E920D}"
EndProject
Project("{8BC9CEB8-8B4A-11D0-8D11-00A0C91BC942}") = "Arrays", "Arrays\Arrays.vcxproj", "{A40FD760-D103-4D3A-A77E-05A40771801C}"
EndProject
Project("{8BC9CEB8-8B4A-11D0-8D11-00A0C91BC942}") = "KeyboardReader", "KeyboardReader\KeyboardReader.vcxproj", "{C4AAD377-A21B-47A9-9C65-4B43808D8E62}"
EndProject
Project("{8BC9CEB8-8B4A-11D0-8D11-00A0C91BC942}") = "PalindromeDetector", "PalindromeDetector\PalindromeDetector.vcxproj", "{93DDDACA-85A0-4443-A54F-A23DDD12C443}"
EndProject
Project("{8BC9CEB8-8B4A-11D0-8D11-00A0C91BC942}") = "Superb", "Superb\Superb.vcxproj", "{7A0FE7E8-2F71-4909-866D-D82A5F6A042C}"
EndProject
Project("{8BC9CEB8-8B4A-11D0-8D11-00A0C91BC942}") = "2DArrayAddition", "2DArrayAddition\2DArrayAddition.vcxproj", "{3974A1BD-C016-4BD1-B666-DFDCDCC901FD}"
EndProject
Project("{8BC9CEB8-8B4A-11D0-8D11-00A0C91BC942}") = "BinaryToDecimal", "BinaryToDecimal\BinaryToDecimal.vcxproj", "{9C8DDDA4-ABA3-43AA-9464-217A6E9BF90B}"
EndProject
Project("{8BC9CEB8-8B4A-11D0-8D11-00A0C91BC942}") = "VowelDetector", "VowelDetector\VowelDetector.vcxproj", "{1B60A312-1FA5-4110-BAA5-2014647ACE82}"
EndProject
Project("{8BC9CEB8-8B4A-11D0-8D11-00A0C91BC942}") = "GradeHistogram", "GradeHistogram\GradeHistogram.vcxproj", "{F266AC3C-A7C7-42BF-AC1B-BE05BF10BF85}"
EndProject
Project("{8BC9CEB8-8B4A-11D0-8D11-00A0C91BC942}") = "ReportCharacter", "ReportCharacter\ReportCharacter.vcxproj", "{54A427B4-C246-46CD-9F24-B94672CCCB01}"
EndProject
Project("{8BC9CEB8-8B4A-11D0-8D11-00A0C91BC942}") = "PigLatin", "PigLatin\PigLatin.vcxproj", "{0365D3CF-A7B4-43C1-9F7B-BD6C60420C37}"
EndProject
Project("{8BC9CEB8-8B4A-11D0-8D11-00A0C91BC942}") = "Functions", "Functions\Functions.vcxproj", "{F282CAA1-8150-4150-BFD6-82B1DE0E46C2}"
EndProject
Project("{8BC9CEB8-8B4A-11D0-8D11-00A0C91BC942}") = "MatrixAddition", "Array\Array.vcxproj", "{754D9CFF-5F58-45AA-A52D-1DA19966311F}"
EndProject
Project("{8BC9CEB8-8B4A-11D0-8D11-00A0C91BC942}") = "MatrixMultipication", "MatrixMultipication\MatrixMultipication.vcxproj", "{6420AFB9-F309-4EE3-B5D3-41F67EA1008A}"
EndProject
Project("{8BC9CEB8-8B4A-11D0-8D11-00A0C91BC942}") = "VowelDetector2.0", "VowelDetector2.0\VowelDetector2.0.vcxproj", "{0AE7C71D-3491-4B44-A899-61D69149CA41}"
EndProject
Project("{8BC9CEB8-8B4A-11D0-8D11-00A0C91BC942}") = "FunctionPrototype", "FunctionPrototype\FunctionPrototype.vcxproj", "{83EECA6C-11C9-40E7-BDB0-75625064DB81}"
EndProject
Project("{8BC9CEB8-8B4A-11D0-8D11-00A0C91BC942}") = "MusicWithFunctions", "MusicWithFunctions\MusicWithFunctions.vcxproj", "{9589036E-AA00-4692-B32F-F958530896DD}"
EndProject
Project("{8BC9CEB8-8B4A-11D0-8D11-00A0C91BC942}") = "HeaderFilesNfunctions", "FunctionsContinued\FunctionsContinued.vcxproj", "{6CA189CD-362F-4994-98D8-91DEB4F19FC4}"
EndProject
Project("{8BC9CEB8-8B4A-11D0-8D11-00A0C91BC942}") = "ArrayToFunction", "ArrayToFunction\ArrayToFunction.vcxproj", "{5E5C55AC-4181-4AB1-8AA2-13CDD4A3329F}"
EndProject
Project("{8BC9CEB8-8B4A-11D0-8D11-00A0C91BC942}") = "SortingArrays", "SortingArrays\SortingArrays.vcxproj", "{26186A05-82B8-437A-9E38-76ADFE83B0A1}"
EndProject
Project("{8BC9CEB8-8B4A-11D0-8D11-00A0C91BC942}") = "Search", "Search\Search.vcxproj", "{2795E436-0B06-44F0-8720-09FCDAEBDD3A}"
EndProject
Project("{8BC9CEB8-8B4A-11D0-8D11-00A0C91BC942}") = "Factorial", "Factorial\Factorial.vcxproj", "{72C8EF0B-57D1-4BAC-A132-D2781F81329B}"
EndProject
Project("{8BC9CEB8-8B4A-11D0-8D11-00A0C91BC942}") = "RecursionFactorial", "RecursionFactorial\RecursionFactorial.vcxproj", "{ACC18BC1-CF1C-4465-A307-AC288185582E}"
EndProject
Project("{8BC9CEB8-8B4A-11D0-8D11-00A0C91BC942}") = "Fibinachi", "Fibinachi\Fibinachi.vcxproj", "{7982550F-728B-4ACE-948B-2D7979A40F6A}"
EndProject
Project("{8BC9CEB8-8B4A-11D0-8D11-00A0C91BC942}") = "GCD", "GCD\GCD.vcxproj", "{B00E0AA3-2D4D-4F67-B120-8622D0B99A02}"
EndProject
Project("{8BC9CEB8-8B4A-11D0-8D11-00A0C91BC942}") = "Sorting", "Sorting\Sorting.vcxproj", "{16060B8B-786B-484D-A299-AA2374212EBA}"
EndProject
Project("{8BC9CEB8-8B4A-11D0-8D11-00A0C91BC942}") = "PrimeNumber", "PrimeNumber\PrimeNumber.vcxproj", "{355507FD-6BC1-4388-8B80-9E340FB4EA0C}"
EndProject
Project("{8BC9CEB8-8B4A-11D0-8D11-00A0C91BC942}") = "FileIO", "FileIO\FileIO.vcxproj", "{0A4F8F8B-7498-4409-B40B-6CA86D2B916A}"
EndProject
Global
	GlobalSection(SolutionConfigurationPlatforms) = preSolution
		Debug|x64 = Debug|x64
		Debug|x86 = Debug|x86
		Release|x64 = Release|x64
		Release|x86 = Release|x86
	EndGlobalSection
	GlobalSection(ProjectConfigurationPlatforms) = postSolution
		{11BFE7A7-27E6-4C33-8710-53E1F91E4C6B}.Debug|x64.ActiveCfg = Debug|x64
		{11BFE7A7-27E6-4C33-8710-53E1F91E4C6B}.Debug|x64.Build.0 = Debug|x64
		{11BFE7A7-27E6-4C33-8710-53E1F91E4C6B}.Debug|x86.ActiveCfg = Debug|Win32
		{11BFE7A7-27E6-4C33-8710-53E1F91E4C6B}.Debug|x86.Build.0 = Debug|Win32
		{11BFE7A7-27E6-4C33-8710-53E1F91E4C6B}.Release|x64.ActiveCfg = Release|x64
		{11BFE7A7-27E6-4C33-8710-53E1F91E4C6B}.Release|x64.Build.0 = Release|x64
		{11BFE7A7-27E6-4C33-8710-53E1F91E4C6B}.Release|x86.ActiveCfg = Release|Win32
		{11BFE7A7-27E6-4C33-8710-53E1F91E4C6B}.Release|x86.Build.0 = Release|Win32
		{5BDD658B-C8C3-4329-8AD9-DE927A066ADE}.Debug|x64.ActiveCfg = Debug|x64
		{5BDD658B-C8C3-4329-8AD9-DE927A066ADE}.Debug|x64.Build.0 = Debug|x64
		{5BDD658B-C8C3-4329-8AD9-DE927A066ADE}.Debug|x86.ActiveCfg = Debug|Win32
		{5BDD658B-C8C3-4329-8AD9-DE927A066ADE}.Debug|x86.Build.0 = Debug|Win32
		{5BDD658B-C8C3-4329-8AD9-DE927A066ADE}.Release|x64.ActiveCfg = Release|x64
		{5BDD658B-C8C3-4329-8AD9-DE927A066ADE}.Release|x64.Build.0 = Release|x64
		{5BDD658B-C8C3-4329-8AD9-DE927A066ADE}.Release|x86.ActiveCfg = Release|Win32
		{5BDD658B-C8C3-4329-8AD9-DE927A066ADE}.Release|x86.Build.0 = Release|Win32
		{6AADAFB4-B2C9-4CA8-94F4-5412EE339892}.Debug|x64.ActiveCfg = Debug|x64
		{6AADAFB4-B2C9-4CA8-94F4-5412EE339892}.Debug|x64.Build.0 = Debug|x64
		{6AADAFB4-B2C9-4CA8-94F4-5412EE339892}.Debug|x86.ActiveCfg = Debug|Win32
		{6AADAFB4-B2C9-4CA8-94F4-5412EE339892}.Debug|x86.Build.0 = Debug|Win32
		{6AADAFB4-B2C9-4CA8-94F4-5412EE339892}.Release|x64.ActiveCfg = Release|x64
		{6AADAFB4-B2C9-4CA8-94F4-5412EE339892}.Release|x64.Build.0 = Release|x64
		{6AADAFB4-B2C9-4CA8-94F4-5412EE339892}.Release|x86.ActiveCfg = Release|Win32
		{6AADAFB4-B2C9-4CA8-94F4-5412EE339892}.Release|x86.Build.0 = Release|Win32
		{577B0EC0-67C9-4327-9988-4A09BB408B7C}.Debug|x64.ActiveCfg = Debug|x64
		{577B0EC0-67C9-4327-9988-4A09BB408B7C}.Debug|x64.Build.0 = Debug|x64
		{577B0EC0-67C9-4327-9988-4A09BB408B7C}.Debug|x86.ActiveCfg = Debug|Win32
		{577B0EC0-67C9-4327-9988-4A09BB408B7C}.Debug|x86.Build.0 = Debug|Win32
		{577B0EC0-67C9-4327-9988-4A09BB408B7C}.Release|x64.ActiveCfg = Release|x64
		{577B0EC0-67C9-4327-9988-4A09BB408B7C}.Release|x64.Build.0 = Release|x64
		{577B0EC0-67C9-4327-9988-4A09BB408B7C}.Release|x86.ActiveCfg = Release|Win32
		{577B0EC0-67C9-4327-9988-4A09BB408B7C}.Release|x86.Build.0 = Release|Win32
		{C0F24588-E861-4FF1-91AE-0DEE82813155}.Debug|x64.ActiveCfg = Debug|x64
		{C0F24588-E861-4FF1-91AE-0DEE82813155}.Debug|x64.Build.0 = Debug|x64
		{C0F24588-E861-4FF1-91AE-0DEE82813155}.Debug|x86.ActiveCfg = Debug|Win32
		{C0F24588-E861-4FF1-91AE-0DEE82813155}.Debug|x86.Build.0 = Debug|Win32
		{C0F24588-E861-4FF1-91AE-0DEE82813155}.Release|x64.ActiveCfg = Release|x64
		{C0F24588-E861-4FF1-91AE-0DEE82813155}.Release|x64.Build.0 = Release|x64
		{C0F24588-E861-4FF1-91AE-0DEE82813155}.Release|x86.ActiveCfg = Release|Win32
		{C0F24588-E861-4FF1-91AE-0DEE82813155}.Release|x86.Build.0 = Release|Win32
		{D6DC3410-5155-4334-80D9-AFC340029E67}.Debug|x64.ActiveCfg = Debug|x64
		{D6DC3410-5155-4334-80D9-AFC340029E67}.Debug|x64.Build.0 = Debug|x64
		{D6DC3410-5155-4334-80D9-AFC340029E67}.Debug|x86.ActiveCfg = Debug|Win32
		{D6DC3410-5155-4334-80D9-AFC340029E67}.Debug|x86.Build.0 = Debug|Win32
		{D6DC3410-5155-4334-80D9-AFC340029E67}.Release|x64.ActiveCfg = Release|x64
		{D6DC3410-5155-4334-80D9-AFC340029E67}.Release|x64.Build.0 = Release|x64
		{D6DC3410-5155-4334-80D9-AFC340029E67}.Release|x86.ActiveCfg = Release|Win32
		{D6DC3410-5155-4334-80D9-AFC340029E67}.Release|x86.Build.0 = Release|Win32
		{79B39577-E7BD-4259-9D28-97396C96ED96}.Debug|x64.ActiveCfg = Debug|x64
		{79B39577-E7BD-4259-9D28-97396C96ED96}.Debug|x64.Build.0 = Debug|x64
		{79B39577-E7BD-4259-9D28-97396C96ED96}.Debug|x86.ActiveCfg = Debug|Win32
		{79B39577-E7BD-4259-9D28-97396C96ED96}.Debug|x86.Build.0 = Debug|Win32
		{79B39577-E7BD-4259-9D28-97396C96ED96}.Release|x64.ActiveCfg = Release|x64
		{79B39577-E7BD-4259-9D28-97396C96ED96}.Release|x64.Build.0 = Release|x64
		{79B39577-E7BD-4259-9D28-97396C96ED96}.Release|x86.ActiveCfg = Release|Win32
		{79B39577-E7BD-4259-9D28-97396C96ED96}.Release|x86.Build.0 = Release|Win32
		{2B6039A6-85D6-4267-8468-7940C75D951B}.Debug|x64.ActiveCfg = Debug|x64
		{2B6039A6-85D6-4267-8468-7940C75D951B}.Debug|x64.Build.0 = Debug|x64
		{2B6039A6-85D6-4267-8468-7940C75D951B}.Debug|x86.ActiveCfg = Debug|Win32
		{2B6039A6-85D6-4267-8468-7940C75D951B}.Debug|x86.Build.0 = Debug|Win32
		{2B6039A6-85D6-4267-8468-7940C75D951B}.Release|x64.ActiveCfg = Release|x64
		{2B6039A6-85D6-4267-8468-7940C75D951B}.Release|x64.Build.0 = Release|x64
		{2B6039A6-85D6-4267-8468-7940C75D951B}.Release|x86.ActiveCfg = Release|Win32
		{2B6039A6-85D6-4267-8468-7940C75D951B}.Release|x86.Build.0 = Release|Win32
		{159D2BEC-B842-44CB-A481-55536E677292}.Debug|x64.ActiveCfg = Debug|x64
		{159D2BEC-B842-44CB-A481-55536E677292}.Debug|x64.Build.0 = Debug|x64
		{159D2BEC-B842-44CB-A481-55536E677292}.Debug|x86.ActiveCfg = Debug|Win32
		{159D2BEC-B842-44CB-A481-55536E677292}.Debug|x86.Build.0 = Debug|Win32
		{159D2BEC-B842-44CB-A481-55536E677292}.Release|x64.ActiveCfg = Release|x64
		{159D2BEC-B842-44CB-A481-55536E677292}.Release|x64.Build.0 = Release|x64
		{159D2BEC-B842-44CB-A481-55536E677292}.Release|x86.ActiveCfg = Release|Win32
		{159D2BEC-B842-44CB-A481-55536E677292}.Release|x86.Build.0 = Release|Win32
		{8B864112-CBF1-48DD-A50A-BCCB5B2E3B52}.Debug|x64.ActiveCfg = Debug|x64
		{8B864112-CBF1-48DD-A50A-BCCB5B2E3B52}.Debug|x64.Build.0 = Debug|x64
		{8B864112-CBF1-48DD-A50A-BCCB5B2E3B52}.Debug|x86.ActiveCfg = Debug|Win32
		{8B864112-CBF1-48DD-A50A-BCCB5B2E3B52}.Debug|x86.Build.0 = Debug|Win32
		{8B864112-CBF1-48DD-A50A-BCCB5B2E3B52}.Release|x64.ActiveCfg = Release|x64
		{8B864112-CBF1-48DD-A50A-BCCB5B2E3B52}.Release|x64.Build.0 = Release|x64
		{8B864112-CBF1-48DD-A50A-BCCB5B2E3B52}.Release|x86.ActiveCfg = Release|Win32
		{8B864112-CBF1-48DD-A50A-BCCB5B2E3B52}.Release|x86.Build.0 = Release|Win32
		{965FE8E2-70C6-4E26-A060-011E7486151D}.Debug|x64.ActiveCfg = Debug|x64
		{965FE8E2-70C6-4E26-A060-011E7486151D}.Debug|x64.Build.0 = Debug|x64
		{965FE8E2-70C6-4E26-A060-011E7486151D}.Debug|x86.ActiveCfg = Debug|Win32
		{965FE8E2-70C6-4E26-A060-011E7486151D}.Debug|x86.Build.0 = Debug|Win32
		{965FE8E2-70C6-4E26-A060-011E7486151D}.Release|x64.ActiveCfg = Release|x64
		{965FE8E2-70C6-4E26-A060-011E7486151D}.Release|x64.Build.0 = Release|x64
		{965FE8E2-70C6-4E26-A060-011E7486151D}.Release|x86.ActiveCfg = Release|Win32
		{965FE8E2-70C6-4E26-A060-011E7486151D}.Release|x86.Build.0 = Release|Win32
		{42B24FF8-7C55-4639-B36B-FE53ADA91912}.Debug|x64.ActiveCfg = Debug|x64
		{42B24FF8-7C55-4639-B36B-FE53ADA91912}.Debug|x64.Build.0 = Debug|x64
		{42B24FF8-7C55-4639-B36B-FE53ADA91912}.Debug|x86.ActiveCfg = Debug|Win32
		{42B24FF8-7C55-4639-B36B-FE53ADA91912}.Debug|x86.Build.0 = Debug|Win32
		{42B24FF8-7C55-4639-B36B-FE53ADA91912}.Release|x64.ActiveCfg = Release|x64
		{42B24FF8-7C55-4639-B36B-FE53ADA91912}.Release|x64.Build.0 = Release|x64
		{42B24FF8-7C55-4639-B36B-FE53ADA91912}.Release|x86.ActiveCfg = Release|Win32
		{42B24FF8-7C55-4639-B36B-FE53ADA91912}.Release|x86.Build.0 = Release|Win32
		{7FCD1FB3-79EC-4CF5-BD12-50068688F4CD}.Debug|x64.ActiveCfg = Debug|x64
		{7FCD1FB3-79EC-4CF5-BD12-50068688F4CD}.Debug|x64.Build.0 = Debug|x64
		{7FCD1FB3-79EC-4CF5-BD12-50068688F4CD}.Debug|x86.ActiveCfg = Debug|Win32
		{7FCD1FB3-79EC-4CF5-BD12-50068688F4CD}.Debug|x86.Build.0 = Debug|Win32
		{7FCD1FB3-79EC-4CF5-BD12-50068688F4CD}.Release|x64.ActiveCfg = Release|x64
		{7FCD1FB3-79EC-4CF5-BD12-50068688F4CD}.Release|x64.Build.0 = Release|x64
		{7FCD1FB3-79EC-4CF5-BD12-50068688F4CD}.Release|x86.ActiveCfg = Release|Win32
		{7FCD1FB3-79EC-4CF5-BD12-50068688F4CD}.Release|x86.Build.0 = Release|Win32
		{5062D545-FEB9-4EE2-9844-D4050BABCCD6}.Debug|x64.ActiveCfg = Debug|x64
		{5062D545-FEB9-4EE2-9844-D4050BABCCD6}.Debug|x64.Build.0 = Debug|x64
		{5062D545-FEB9-4EE2-9844-D4050BABCCD6}.Debug|x86.ActiveCfg = Debug|Win32
		{5062D545-FEB9-4EE2-9844-D4050BABCCD6}.Debug|x86.Build.0 = Debug|Win32
		{5062D545-FEB9-4EE2-9844-D4050BABCCD6}.Release|x64.ActiveCfg = Release|x64
		{5062D545-FEB9-4EE2-9844-D4050BABCCD6}.Release|x64.Build.0 = Release|x64
		{5062D545-FEB9-4EE2-9844-D4050BABCCD6}.Release|x86.ActiveCfg = Release|Win32
		{5062D545-FEB9-4EE2-9844-D4050BABCCD6}.Release|x86.Build.0 = Release|Win32
		{A514191E-9831-45A5-85E8-7C45D162029B}.Debug|x64.ActiveCfg = Debug|x64
		{A514191E-9831-45A5-85E8-7C45D162029B}.Debug|x64.Build.0 = Debug|x64
		{A514191E-9831-45A5-85E8-7C45D162029B}.Debug|x86.ActiveCfg = Debug|Win32
		{A514191E-9831-45A5-85E8-7C45D162029B}.Debug|x86.Build.0 = Debug|Win32
		{A514191E-9831-45A5-85E8-7C45D162029B}.Release|x64.ActiveCfg = Release|x64
		{A514191E-9831-45A5-85E8-7C45D162029B}.Release|x64.Build.0 = Release|x64
		{A514191E-9831-45A5-85E8-7C45D162029B}.Release|x86.ActiveCfg = Release|Win32
		{A514191E-9831-45A5-85E8-7C45D162029B}.Release|x86.Build.0 = Release|Win32
		{66913591-7D0F-4FE6-8F98-D6C70AA0BD9A}.Debug|x64.ActiveCfg = Debug|x64
		{66913591-7D0F-4FE6-8F98-D6C70AA0BD9A}.Debug|x64.Build.0 = Debug|x64
		{66913591-7D0F-4FE6-8F98-D6C70AA0BD9A}.Debug|x86.ActiveCfg = Debug|Win32
		{66913591-7D0F-4FE6-8F98-D6C70AA0BD9A}.Debug|x86.Build.0 = Debug|Win32
		{66913591-7D0F-4FE6-8F98-D6C70AA0BD9A}.Release|x64.ActiveCfg = Release|x64
		{66913591-7D0F-4FE6-8F98-D6C70AA0BD9A}.Release|x64.Build.0 = Release|x64
		{66913591-7D0F-4FE6-8F98-D6C70AA0BD9A}.Release|x86.ActiveCfg = Release|Win32
		{66913591-7D0F-4FE6-8F98-D6C70AA0BD9A}.Release|x86.Build.0 = Release|Win32
		{22E1C653-2AC4-4ECE-9360-AC38669E920D}.Debug|x64.ActiveCfg = Debug|x64
		{22E1C653-2AC4-4ECE-9360-AC38669E920D}.Debug|x64.Build.0 = Debug|x64
		{22E1C653-2AC4-4ECE-9360-AC38669E920D}.Debug|x86.ActiveCfg = Debug|Win32
		{22E1C653-2AC4-4ECE-9360-AC38669E920D}.Debug|x86.Build.0 = Debug|Win32
		{22E1C653-2AC4-4ECE-9360-AC38669E920D}.Release|x64.ActiveCfg = Release|x64
		{22E1C653-2AC4-4ECE-9360-AC38669E920D}.Release|x64.Build.0 = Release|x64
		{22E1C653-2AC4-4ECE-9360-AC38669E920D}.Release|x86.ActiveCfg = Release|Win32
		{22E1C653-2AC4-4ECE-9360-AC38669E920D}.Release|x86.Build.0 = Release|Win32
		{A40FD760-D103-4D3A-A77E-05A40771801C}.Debug|x64.ActiveCfg = Debug|x64
		{A40FD760-D103-4D3A-A77E-05A40771801C}.Debug|x64.Build.0 = Debug|x64
		{A40FD760-D103-4D3A-A77E-05A40771801C}.Debug|x86.ActiveCfg = Debug|Win32
		{A40FD760-D103-4D3A-A77E-05A40771801C}.Debug|x86.Build.0 = Debug|Win32
		{A40FD760-D103-4D3A-A77E-05A40771801C}.Release|x64.ActiveCfg = Release|x64
		{A40FD760-D103-4D3A-A77E-05A40771801C}.Release|x64.Build.0 = Release|x64
		{A40FD760-D103-4D3A-A77E-05A40771801C}.Release|x86.ActiveCfg = Release|Win32
		{A40FD760-D103-4D3A-A77E-05A40771801C}.Release|x86.Build.0 = Release|Win32
		{C4AAD377-A21B-47A9-9C65-4B43808D8E62}.Debug|x64.ActiveCfg = Debug|x64
		{C4AAD377-A21B-47A9-9C65-4B43808D8E62}.Debug|x64.Build.0 = Debug|x64
		{C4AAD377-A21B-47A9-9C65-4B43808D8E62}.Debug|x86.ActiveCfg = Debug|Win32
		{C4AAD377-A21B-47A9-9C65-4B43808D8E62}.Debug|x86.Build.0 = Debug|Win32
		{C4AAD377-A21B-47A9-9C65-4B43808D8E62}.Release|x64.ActiveCfg = Release|x64
		{C4AAD377-A21B-47A9-9C65-4B43808D8E62}.Release|x64.Build.0 = Release|x64
		{C4AAD377-A21B-47A9-9C65-4B43808D8E62}.Release|x86.ActiveCfg = Release|Win32
		{C4AAD377-A21B-47A9-9C65-4B43808D8E62}.Release|x86.Build.0 = Release|Win32
		{93DDDACA-85A0-4443-A54F-A23DDD12C443}.Debug|x64.ActiveCfg = Debug|x64
		{93DDDACA-85A0-4443-A54F-A23DDD12C443}.Debug|x64.Build.0 = Debug|x64
		{93DDDACA-85A0-4443-A54F-A23DDD12C443}.Debug|x86.ActiveCfg = Debug|Win32
		{93DDDACA-85A0-4443-A54F-A23DDD12C443}.Debug|x86.Build.0 = Debug|Win32
		{93DDDACA-85A0-4443-A54F-A23DDD12C443}.Release|x64.ActiveCfg = Release|x64
		{93DDDACA-85A0-4443-A54F-A23DDD12C443}.Release|x64.Build.0 = Release|x64
		{93DDDACA-85A0-4443-A54F-A23DDD12C443}.Release|x86.ActiveCfg = Release|Win32
		{93DDDACA-85A0-4443-A54F-A23DDD12C443}.Release|x86.Build.0 = Release|Win32
		{7A0FE7E8-2F71-4909-866D-D82A5F6A042C}.Debug|x64.ActiveCfg = Debug|x64
		{7A0FE7E8-2F71-4909-866D-D82A5F6A042C}.Debug|x64.Build.0 = Debug|x64
		{7A0FE7E8-2F71-4909-866D-D82A5F6A042C}.Debug|x86.ActiveCfg = Debug|Win32
		{7A0FE7E8-2F71-4909-866D-D82A5F6A042C}.Debug|x86.Build.0 = Debug|Win32
		{7A0FE7E8-2F71-4909-866D-D82A5F6A042C}.Release|x64.ActiveCfg = Release|x64
		{7A0FE7E8-2F71-4909-866D-D82A5F6A042C}.Release|x64.Build.0 = Release|x64
		{7A0FE7E8-2F71-4909-866D-D82A5F6A042C}.Release|x86.ActiveCfg = Release|Win32
		{7A0FE7E8-2F71-4909-866D-D82A5F6A042C}.Release|x86.Build.0 = Release|Win32
		{3974A1BD-C016-4BD1-B666-DFDCDCC901FD}.Debug|x64.ActiveCfg = Debug|x64
		{3974A1BD-C016-4BD1-B666-DFDCDCC901FD}.Debug|x64.Build.0 = Debug|x64
		{3974A1BD-C016-4BD1-B666-DFDCDCC901FD}.Debug|x86.ActiveCfg = Debug|Win32
		{3974A1BD-C016-4BD1-B666-DFDCDCC901FD}.Debug|x86.Build.0 = Debug|Win32
		{3974A1BD-C016-4BD1-B666-DFDCDCC901FD}.Release|x64.ActiveCfg = Release|x64
		{3974A1BD-C016-4BD1-B666-DFDCDCC901FD}.Release|x64.Build.0 = Release|x64
		{3974A1BD-C016-4BD1-B666-DFDCDCC901FD}.Release|x86.ActiveCfg = Release|Win32
		{3974A1BD-C016-4BD1-B666-DFDCDCC901FD}.Release|x86.Build.0 = Release|Win32
		{9C8DDDA4-ABA3-43AA-9464-217A6E9BF90B}.Debug|x64.ActiveCfg = Debug|x64
		{9C8DDDA4-ABA3-43AA-9464-217A6E9BF90B}.Debug|x64.Build.0 = Debug|x64
		{9C8DDDA4-ABA3-43AA-9464-217A6E9BF90B}.Debug|x86.ActiveCfg = Debug|Win32
		{9C8DDDA4-ABA3-43AA-9464-217A6E9BF90B}.Debug|x86.Build.0 = Debug|Win32
		{9C8DDDA4-ABA3-43AA-9464-217A6E9BF90B}.Release|x64.ActiveCfg = Release|x64
		{9C8DDDA4-ABA3-43AA-9464-217A6E9BF90B}.Release|x64.Build.0 = Release|x64
		{9C8DDDA4-ABA3-43AA-9464-217A6E9BF90B}.Release|x86.ActiveCfg = Release|Win32
		{9C8DDDA4-ABA3-43AA-9464-217A6E9BF90B}.Release|x86.Build.0 = Release|Win32
		{1B60A312-1FA5-4110-BAA5-2014647ACE82}.Debug|x64.ActiveCfg = Debug|x64
		{1B60A312-1FA5-4110-BAA5-2014647ACE82}.Debug|x64.Build.0 = Debug|x64
		{1B60A312-1FA5-4110-BAA5-2014647ACE82}.Debug|x86.ActiveCfg = Debug|Win32
		{1B60A312-1FA5-4110-BAA5-2014647ACE82}.Debug|x86.Build.0 = Debug|Win32
		{1B60A312-1FA5-4110-BAA5-2014647ACE82}.Release|x64.ActiveCfg = Release|x64
		{1B60A312-1FA5-4110-BAA5-2014647ACE82}.Release|x64.Build.0 = Release|x64
		{1B60A312-1FA5-4110-BAA5-2014647ACE82}.Release|x86.ActiveCfg = Release|Win32
		{1B60A312-1FA5-4110-BAA5-2014647ACE82}.Release|x86.Build.0 = Release|Win32
		{F266AC3C-A7C7-42BF-AC1B-BE05BF10BF85}.Debug|x64.ActiveCfg = Debug|x64
		{F266AC3C-A7C7-42BF-AC1B-BE05BF10BF85}.Debug|x64.Build.0 = Debug|x64
		{F266AC3C-A7C7-42BF-AC1B-BE05BF10BF85}.Debug|x86.ActiveCfg = Debug|Win32
		{F266AC3C-A7C7-42BF-AC1B-BE05BF10BF85}.Debug|x86.Build.0 = Debug|Win32
		{F266AC3C-A7C7-42BF-AC1B-BE05BF10BF85}.Release|x64.ActiveCfg = Release|x64
		{F266AC3C-A7C7-42BF-AC1B-BE05BF10BF85}.Release|x64.Build.0 = Release|x64
		{F266AC3C-A7C7-42BF-AC1B-BE05BF10BF85}.Release|x86.ActiveCfg = Release|Win32
		{F266AC3C-A7C7-42BF-AC1B-BE05BF10BF85}.Release|x86.Build.0 = Release|Win32
		{54A427B4-C246-46CD-9F24-B94672CCCB01}.Debug|x64.ActiveCfg = Debug|x64
		{54A427B4-C246-46CD-9F24-B94672CCCB01}.Debug|x64.Build.0 = Debug|x64
		{54A427B4-C246-46CD-9F24-B94672CCCB01}.Debug|x86.ActiveCfg = Debug|Win32
		{54A427B4-C246-46CD-9F24-B94672CCCB01}.Debug|x86.Build.0 = Debug|Win32
		{54A427B4-C246-46CD-9F24-B94672CCCB01}.Release|x64.ActiveCfg = Release|x64
		{54A427B4-C246-46CD-9F24-B94672CCCB01}.Release|x64.Build.0 = Release|x64
		{54A427B4-C246-46CD-9F24-B94672CCCB01}.Release|x86.ActiveCfg = Release|Win32
		{54A427B4-C246-46CD-9F24-B94672CCCB01}.Release|x86.Build.0 = Release|Win32
		{0365D3CF-A7B4-43C1-9F7B-BD6C60420C37}.Debug|x64.ActiveCfg = Debug|x64
		{0365D3CF-A7B4-43C1-9F7B-BD6C60420C37}.Debug|x64.Build.0 = Debug|x64
		{0365D3CF-A7B4-43C1-9F7B-BD6C60420C37}.Debug|x86.ActiveCfg = Debug|Win32
		{0365D3CF-A7B4-43C1-9F7B-BD6C60420C37}.Debug|x86.Build.0 = Debug|Win32
		{0365D3CF-A7B4-43C1-9F7B-BD6C60420C37}.Release|x64.ActiveCfg = Release|x64
		{0365D3CF-A7B4-43C1-9F7B-BD6C60420C37}.Release|x64.Build.0 = Release|x64
		{0365D3CF-A7B4-43C1-9F7B-BD6C60420C37}.Release|x86.ActiveCfg = Release|Win32
		{0365D3CF-A7B4-43C1-9F7B-BD6C60420C37}.Release|x86.Build.0 = Release|Win32
		{F282CAA1-8150-4150-BFD6-82B1DE0E46C2}.Debug|x64.ActiveCfg = Debug|x64
		{F282CAA1-8150-4150-BFD6-82B1DE0E46C2}.Debug|x64.Build.0 = Debug|x64
		{F282CAA1-8150-4150-BFD6-82B1DE0E46C2}.Debug|x86.ActiveCfg = Debug|Win32
		{F282CAA1-8150-4150-BFD6-82B1DE0E46C2}.Debug|x86.Build.0 = Debug|Win32
		{F282CAA1-8150-4150-BFD6-82B1DE0E46C2}.Release|x64.ActiveCfg = Release|x64
		{F282CAA1-8150-4150-BFD6-82B1DE0E46C2}.Release|x64.Build.0 = Release|x64
		{F282CAA1-8150-4150-BFD6-82B1DE0E46C2}.Release|x86.ActiveCfg = Release|Win32
		{F282CAA1-8150-4150-BFD6-82B1DE0E46C2}.Release|x86.Build.0 = Release|Win32
		{754D9CFF-5F58-45AA-A52D-1DA19966311F}.Debug|x64.ActiveCfg = Debug|x64
		{754D9CFF-5F58-45AA-A52D-1DA19966311F}.Debug|x64.Build.0 = Debug|x64
		{754D9CFF-5F58-45AA-A52D-1DA19966311F}.Debug|x86.ActiveCfg = Debug|Win32
		{754D9CFF-5F58-45AA-A52D-1DA19966311F}.Debug|x86.Build.0 = Debug|Win32
		{754D9CFF-5F58-45AA-A52D-1DA19966311F}.Release|x64.ActiveCfg = Release|x64
		{754D9CFF-5F58-45AA-A52D-1DA19966311F}.Release|x64.Build.0 = Release|x64
		{754D9CFF-5F58-45AA-A52D-1DA19966311F}.Release|x86.ActiveCfg = Release|Win32
		{754D9CFF-5F58-45AA-A52D-1DA19966311F}.Release|x86.Build.0 = Release|Win32
		{6420AFB9-F309-4EE3-B5D3-41F67EA1008A}.Debug|x64.ActiveCfg = Debug|x64
		{6420AFB9-F309-4EE3-B5D3-41F67EA1008A}.Debug|x64.Build.0 = Debug|x64
		{6420AFB9-F309-4EE3-B5D3-41F67EA1008A}.Debug|x86.ActiveCfg = Debug|Win32
		{6420AFB9-F309-4EE3-B5D3-41F67EA1008A}.Debug|x86.Build.0 = Debug|Win32
		{6420AFB9-F309-4EE3-B5D3-41F67EA1008A}.Release|x64.ActiveCfg = Release|x64
		{6420AFB9-F309-4EE3-B5D3-41F67EA1008A}.Release|x64.Build.0 = Release|x64
		{6420AFB9-F309-4EE3-B5D3-41F67EA1008A}.Release|x86.ActiveCfg = Release|Win32
		{6420AFB9-F309-4EE3-B5D3-41F67EA1008A}.Release|x86.Build.0 = Release|Win32
		{0AE7C71D-3491-4B44-A899-61D69149CA41}.Debug|x64.ActiveCfg = Debug|x64
		{0AE7C71D-3491-4B44-A899-61D69149CA41}.Debug|x64.Build.0 = Debug|x64
		{0AE7C71D-3491-4B44-A899-61D69149CA41}.Debug|x86.ActiveCfg = Debug|Win32
		{0AE7C71D-3491-4B44-A899-61D69149CA41}.Debug|x86.Build.0 = Debug|Win32
		{0AE7C71D-3491-4B44-A899-61D69149CA41}.Release|x64.ActiveCfg = Release|x64
		{0AE7C71D-3491-4B44-A899-61D69149CA41}.Release|x64.Build.0 = Release|x64
		{0AE7C71D-3491-4B44-A899-61D69149CA41}.Release|x86.ActiveCfg = Release|Win32
		{0AE7C71D-3491-4B44-A899-61D69149CA41}.Release|x86.Build.0 = Release|Win32
		{83EECA6C-11C9-40E7-BDB0-75625064DB81}.Debug|x64.ActiveCfg = Debug|x64
		{83EECA6C-11C9-40E7-BDB0-75625064DB81}.Debug|x64.Build.0 = Debug|x64
		{83EECA6C-11C9-40E7-BDB0-75625064DB81}.Debug|x86.ActiveCfg = Debug|Win32
		{83EECA6C-11C9-40E7-BDB0-75625064DB81}.Debug|x86.Build.0 = Debug|Win32
		{83EECA6C-11C9-40E7-BDB0-75625064DB81}.Release|x64.ActiveCfg = Release|x64
		{83EECA6C-11C9-40E7-BDB0-75625064DB81}.Release|x64.Build.0 = Release|x64
		{83EECA6C-11C9-40E7-BDB0-75625064DB81}.Release|x86.ActiveCfg = Release|Win32
		{83EECA6C-11C9-40E7-BDB0-75625064DB81}.Release|x86.Build.0 = Release|Win32
		{9589036E-AA00-4692-B32F-F958530896DD}.Debug|x64.ActiveCfg = Debug|x64
		{9589036E-AA00-4692-B32F-F958530896DD}.Debug|x64.Build.0 = Debug|x64
		{9589036E-AA00-4692-B32F-F958530896DD}.Debug|x86.ActiveCfg = Debug|Win32
		{9589036E-AA00-4692-B32F-F958530896DD}.Debug|x86.Build.0 = Debug|Win32
		{9589036E-AA00-4692-B32F-F958530896DD}.Release|x64.ActiveCfg = Release|x64
		{9589036E-AA00-4692-B32F-F958530896DD}.Release|x64.Build.0 = Release|x64
		{9589036E-AA00-4692-B32F-F958530896DD}.Release|x86.ActiveCfg = Release|Win32
		{9589036E-AA00-4692-B32F-F958530896DD}.Release|x86.Build.0 = Release|Win32
		{6CA189CD-362F-4994-98D8-91DEB4F19FC4}.Debug|x64.ActiveCfg = Debug|x64
		{6CA189CD-362F-4994-98D8-91DEB4F19FC4}.Debug|x64.Build.0 = Debug|x64
		{6CA189CD-362F-4994-98D8-91DEB4F19FC4}.Debug|x86.ActiveCfg = Debug|Win32
		{6CA189CD-362F-4994-98D8-91DEB4F19FC4}.Debug|x86.Build.0 = Debug|Win32
		{6CA189CD-362F-4994-98D8-91DEB4F19FC4}.Release|x64.ActiveCfg = Release|x64
		{6CA189CD-362F-4994-98D8-91DEB4F19FC4}.Release|x64.Build.0 = Release|x64
		{6CA189CD-362F-4994-98D8-91DEB4F19FC4}.Release|x86.ActiveCfg = Release|Win32
		{6CA189CD-362F-4994-98D8-91DEB4F19FC4}.Release|x86.Build.0 = Release|Win32
		{5E5C55AC-4181-4AB1-8AA2-13CDD4A3329F}.Debug|x64.ActiveCfg = Debug|x64
		{5E5C55AC-4181-4AB1-8AA2-13CDD4A3329F}.Debug|x64.Build.0 = Debug|x64
		{5E5C55AC-4181-4AB1-8AA2-13CDD4A3329F}.Debug|x86.ActiveCfg = Debug|Win32
		{5E5C55AC-4181-4AB1-8AA2-13CDD4A3329F}.Debug|x86.Build.0 = Debug|Win32
		{5E5C55AC-4181-4AB1-8AA2-13CDD4A3329F}.Release|x64.ActiveCfg = Release|x64
		{5E5C55AC-4181-4AB1-8AA2-13CDD4A3329F}.Release|x64.Build.0 = Release|x64
		{5E5C55AC-4181-4AB1-8AA2-13CDD4A3329F}.Release|x86.ActiveCfg = Release|Win32
		{5E5C55AC-4181-4AB1-8AA2-13CDD4A3329F}.Release|x86.Build.0 = Release|Win32
		{26186A05-82B8-437A-9E38-76ADFE83B0A1}.Debug|x64.ActiveCfg = Debug|x64
		{26186A05-82B8-437A-9E38-76ADFE83B0A1}.Debug|x64.Build.0 = Debug|x64
		{26186A05-82B8-437A-9E38-76ADFE83B0A1}.Debug|x86.ActiveCfg = Debug|Win32
		{26186A05-82B8-437A-9E38-76ADFE83B0A1}.Debug|x86.Build.0 = Debug|Win32
		{26186A05-82B8-437A-9E38-76ADFE83B0A1}.Release|x64.ActiveCfg = Release|x64
		{26186A05-82B8-437A-9E38-76ADFE83B0A1}.Release|x64.Build.0 = Release|x64
		{26186A05-82B8-437A-9E38-76ADFE83B0A1}.Release|x86.ActiveCfg = Release|Win32
		{26186A05-82B8-437A-9E38-76ADFE83B0A1}.Release|x86.Build.0 = Release|Win32
		{2795E436-0B06-44F0-8720-09FCDAEBDD3A}.Debug|x64.ActiveCfg = Debug|x64
		{2795E436-0B06-44F0-8720-09FCDAEBDD3A}.Debug|x64.Build.0 = Debug|x64
		{2795E436-0B06-44F0-8720-09FCDAEBDD3A}.Debug|x86.ActiveCfg = Debug|Win32
		{2795E436-0B06-44F0-8720-09FCDAEBDD3A}.Debug|x86.Build.0 = Debug|Win32
		{2795E436-0B06-44F0-8720-09FCDAEBDD3A}.Release|x64.ActiveCfg = Release|x64
		{2795E436-0B06-44F0-8720-09FCDAEBDD3A}.Release|x64.Build.0 = Release|x64
		{2795E436-0B06-44F0-8720-09FCDAEBDD3A}.Release|x86.ActiveCfg = Release|Win32
		{2795E436-0B06-44F0-8720-09FCDAEBDD3A}.Release|x86.Build.0 = Release|Win32
		{72C8EF0B-57D1-4BAC-A132-D2781F81329B}.Debug|x64.ActiveCfg = Debug|x64
		{72C8EF0B-57D1-4BAC-A132-D2781F81329B}.Debug|x64.Build.0 = Debug|x64
		{72C8EF0B-57D1-4BAC-A132-D2781F81329B}.Debug|x86.ActiveCfg = Debug|Win32
		{72C8EF0B-57D1-4BAC-A132-D2781F81329B}.Debug|x86.Build.0 = Debug|Win32
		{72C8EF0B-57D1-4BAC-A132-D2781F81329B}.Release|x64.ActiveCfg = Release|x64
		{72C8EF0B-57D1-4BAC-A132-D2781F81329B}.Release|x64.Build.0 = Release|x64
		{72C8EF0B-57D1-4BAC-A132-D2781F81329B}.Release|x86.ActiveCfg = Release|Win32
		{72C8EF0B-57D1-4BAC-A132-D2781F81329B}.Release|x86.Build.0 = Release|Win32
		{ACC18BC1-CF1C-4465-A307-AC288185582E}.Debug|x64.ActiveCfg = Debug|x64
		{ACC18BC1-CF1C-4465-A307-AC288185582E}.Debug|x64.Build.0 = Debug|x64
		{ACC18BC1-CF1C-4465-A307-AC288185582E}.Debug|x86.ActiveCfg = Debug|Win32
		{ACC18BC1-CF1C-4465-A307-AC288185582E}.Debug|x86.Build.0 = Debug|Win32
		{ACC18BC1-CF1C-4465-A307-AC288185582E}.Release|x64.ActiveCfg = Release|x64
		{ACC18BC1-CF1C-4465-A307-AC288185582E}.Release|x64.Build.0 = Release|x64
		{ACC18BC1-CF1C-4465-A307-AC288185582E}.Release|x86.ActiveCfg = Release|Win32
		{ACC18BC1-CF1C-4465-A307-AC288185582E}.Release|x86.Build.0 = Release|Win32
		{7982550F-728B-4ACE-948B-2D7979A40F6A}.Debug|x64.ActiveCfg = Debug|x64
		{7982550F-728B-4ACE-948B-2D7979A40F6A}.Debug|x64.Build.0 = Debug|x64
		{7982550F-728B-4ACE-948B-2D7979A40F6A}.Debug|x86.ActiveCfg = Debug|Win32
		{7982550F-728B-4ACE-948B-2D7979A40F6A}.Debug|x86.Build.0 = Debug|Win32
		{7982550F-728B-4ACE-948B-2D7979A40F6A}.Release|x64.ActiveCfg = Release|x64
		{7982550F-728B-4ACE-948B-2D7979A40F6A}.Release|x64.Build.0 = Release|x64
		{7982550F-728B-4ACE-948B-2D7979A40F6A}.Release|x86.ActiveCfg = Release|Win32
		{7982550F-728B-4ACE-948B-2D7979A40F6A}.Release|x86.Build.0 = Release|Win32
		{B00E0AA3-2D4D-4F67-B120-8622D0B99A02}.Debug|x64.ActiveCfg = Debug|x64
		{B00E0AA3-2D4D-4F67-B120-8622D0B99A02}.Debug|x64.Build.0 = Debug|x64
		{B00E0AA3-2D4D-4F67-B120-8622D0B99A02}.Debug|x86.ActiveCfg = Debug|Win32
		{B00E0AA3-2D4D-4F67-B120-8622D0B99A02}.Debug|x86.Build.0 = Debug|Win32
		{B00E0AA3-2D4D-4F67-B120-8622D0B99A02}.Release|x64.ActiveCfg = Release|x64
		{B00E0AA3-2D4D-4F67-B120-8622D0B99A02}.Release|x64.Build.0 = Release|x64
		{B00E0AA3-2D4D-4F67-B120-8622D0B99A02}.Release|x86.ActiveCfg = Release|Win32
		{B00E0AA3-2D4D-4F67-B120-8622D0B99A02}.Release|x86.Build.0 = Release|Win32
		{16060B8B-786B-484D-A299-AA2374212EBA}.Debug|x64.ActiveCfg = Debug|x64
		{16060B8B-786B-484D-A299-AA2374212EBA}.Debug|x64.Build.0 = Debug|x64
		{16060B8B-786B-484D-A299-AA2374212EBA}.Debug|x86.ActiveCfg = Debug|Win32
		{16060B8B-786B-484D-A299-AA2374212EBA}.Debug|x86.Build.0 = Debug|Win32
		{16060B8B-786B-484D-A299-AA2374212EBA}.Release|x64.ActiveCfg = Release|x64
		{16060B8B-786B-484D-A299-AA2374212EBA}.Release|x64.Build.0 = Release|x64
		{16060B8B-786B-484D-A299-AA2374212EBA}.Release|x86.ActiveCfg = Release|Win32
		{16060B8B-786B-484D-A299-AA2374212EBA}.Release|x86.Build.0 = Release|Win32
		{355507FD-6BC1-4388-8B80-9E340FB4EA0C}.Debug|x64.ActiveCfg = Debug|x64
		{355507FD-6BC1-4388-8B80-9E340FB4EA0C}.Debug|x64.Build.0 = Debug|x64
		{355507FD-6BC1-4388-8B80-9E340FB4EA0C}.Debug|x86.ActiveCfg = Debug|Win32
		{355507FD-6BC1-4388-8B80-9E340FB4EA0C}.Debug|x86.Build.0 = Debug|Win32
		{355507FD-6BC1-4388-8B80-9E340FB4EA0C}.Release|x64.ActiveCfg = Release|x64
		{355507FD-6BC1-4388-8B80-9E340FB4EA0C}.Release|x64.Build.0 = Release|x64
		{355507FD-6BC1-4388-8B80-9E340FB4EA0C}.Release|x86.ActiveCfg = Release|Win32
		{355507FD-6BC1-4388-8B80-9E340FB4EA0C}.Release|x86.Build.0 = Release|Win32
		{0A4F8F8B-7498-4409-B40B-6CA86D2B916A}.Debug|x64.ActiveCfg = Debug|x64
		{0A4F8F8B-7498-4409-B40B-6CA86D2B916A}.Debug|x64.Build.0 = Debug|x64
		{0A4F8F8B-7498-4409-B40B-6CA86D2B916A}.Debug|x86.ActiveCfg = Debug|Win32
		{0A4F8F8B-7498-4409-B40B-6CA86D2B916A}.Debug|x86.Build.0 = Debug|Win32
		{0A4F8F8B-7498-4409-B40B-6CA86D2B916A}.Release|x64.ActiveCfg = Release|x64
		{0A4F8F8B-7498-4409-B40B-6CA86D2B916A}.Release|x64.Build.0 = Release|x64
		{0A4F8F8B-7498-4409-B40B-6CA86D2B916A}.Release|x86.ActiveCfg = Release|Win32
		{0A4F8F8B-7498-4409-B40B-6CA86D2B916A}.Release|x86.Build.0 = Release|Win32
	EndGlobalSection
	GlobalSection(SolutionProperties) = preSolution
		HideSolutionNode = FALSE
	EndGlobalSection
EndGlobal
